
Microsoft Visual Studio Solution File, Format Version 12.00
# Visual Studio Version 17
VisualStudioVersion = 17.3.32819.101
MinimumVisualStudioVersion = 10.0.40219.1
Project("{FAE04EC0-301F-11D3-BF4B-00C04F79EFBC}") = "KnowledgeBarter.Server", "KnowledgeBarter.Server\KnowledgeBarter.Server.csproj", "{35DDE305-E3D6-40E7-85A9-FE43BA86C5CC}"
EndProject
Global
	GlobalSection(SolutionConfigurationPlatforms) = preSolution
		Debug|Any CPU = Debug|Any CPU
		Release|Any CPU = Release|Any CPU
	EndGlobalSection
	GlobalSection(ProjectConfigurationPlatforms) = postSolution
		{35DDE305-E3D6-40E7-85A9-FE43BA86C5CC}.Debug|Any CPU.ActiveCfg = Debug|Any CPU
		{35DDE305-E3D6-40E7-85A9-FE43BA86C5CC}.Debug|Any CPU.Build.0 = Debug|Any CPU
		{35DDE305-E3D6-40E7-85A9-FE43BA86C5CC}.Release|Any CPU.ActiveCfg = Release|Any CPU
		{35DDE305-E3D6-40E7-85A9-FE43BA86C5CC}.Release|Any CPU.Build.0 = Release|Any CPU
	EndGlobalSection
	GlobalSection(SolutionProperties) = preSolution
		HideSolutionNode = FALSE
	EndGlobalSection
	GlobalSection(ExtensibilityGlobals) = postSolution
		SolutionGuid = {2F48A179-1ECF-405E-9665-F3D42691E356}
	EndGlobalSection
EndGlobal
